[[package]]
name = "bidict"
version = "0.22.0"
description = "The bidirectional mapping library for Python."
category = "main"
optional = false
python-versions = ">=3.7"

[metadata]
lock-version = "1.1"
python-versions = "^3.8"
content-hash = "b5d6a0ad7b170d3a746b99d6f5ac1ffba94276342e4248772954fb51ac96c45d"

[metadata.files]
bidict = [
    {file = "bidict-0.22.0-py3-none-any.whl", hash = "sha256:415126d23a0c81e1a8c584a8fb1f6905ea090c772571803aeee0a2242e8e7ba0"},
    {file = "bidict-0.22.0.tar.gz", hash = "sha256:5c826b3e15e97cc6e615de295756847c282a79b79c5430d3bfc909b1ac9f5bd8"},
]
